
Microsoft Visual Studio Solution File, Format Version 12.00
# Visual Studio 15
VisualStudioVersion = 15.0.26124.0
MinimumVisualStudioVersion = 15.0.26124.0
Project("{2150E333-8FDC-42A3-9474-1A3956D46DE8}") = "Code", "Code", "{0C942A73-1600-4C37-8771-AD8F16CA7C4C}"
EndProject
Project("{FAE04EC0-301F-11D3-BF4B-00C04F79EFBC}") = "new comp.Api", "Code\new comp.Api\new comp.Api.csproj", "{FA87131C-0CED-438B-9123-36613707FD47}"
EndProject
Project("{FAE04EC0-301F-11D3-BF4B-00C04F79EFBC}") = "new comp.Business", "Code\new comp.Business\new comp.Business.csproj", "{6D439DF8-1ED8-4B4D-A436-45A202944208}"
EndProject
Project("{FAE04EC0-301F-11D3-BF4B-00C04F79EFBC}") = "new comp.Data", "Code\new comp.Data\new comp.Data.csproj", "{C5C25FBA-A2B1-4829-AEC0-ACA7CDD1863F}"
EndProject
Project("{FAE04EC0-301F-11D3-BF4B-00C04F79EFBC}") = "new comp.Entities", "Code\new comp.Entities\new comp.Entities.csproj", "{7CBE9DB7-88C8-4E5F-8C5E-C0BFA481CC57}"
EndProject
Project("{FAE04EC0-301F-11D3-BF4B-00C04F79EFBC}") = "new comp.Test.Api", "Code\new comp.Test.Api\new comp.Test.Api.csproj", "{C94D06E4-833C-46CB-9362-B18D029D98BC}"
EndProject
Project("{FAE04EC0-301F-11D3-BF4B-00C04F79EFBC}") = "new comp.Test.Business", "Code\new comp.Test.Business\new comp.Test.Business.csproj", "{1442767E-A391-4BEA-804D-0EB734EA2B8A}"
EndProject
Project("{FAE04EC0-301F-11D3-BF4B-00C04F79EFBC}") = "new comp.Test.Framework", "Code\new comp.Test.Framework\new comp.Test.Framework.csproj", "{8ED79C43-56CC-4E1B-BC79-D9C67A8F0948}"
EndProject
Project("{2150E333-8FDC-42A3-9474-1A3956D46DE8}") = "Test", "Test", "{01C6D51B-5194-4228-8A70-CCE0A4866ABA}"
EndProject
Global
	GlobalSection(SolutionConfigurationPlatforms) = preSolution
		Debug|Any CPU = Debug|Any CPU
		Debug|x64 = Debug|x64
		Debug|x86 = Debug|x86
		Release|Any CPU = Release|Any CPU
		Release|x64 = Release|x64
		Release|x86 = Release|x86
	EndGlobalSection
	GlobalSection(SolutionProperties) = preSolution
		HideSolutionNode = FALSE
	EndGlobalSection
	GlobalSection(ProjectConfigurationPlatforms) = postSolution
		{FA87131C-0CED-438B-9123-36613707FD47}.Debug|Any CPU.ActiveCfg = Debug|Any CPU
		{FA87131C-0CED-438B-9123-36613707FD47}.Debug|Any CPU.Build.0 = Debug|Any CPU
		{FA87131C-0CED-438B-9123-36613707FD47}.Debug|x64.ActiveCfg = Debug|Any CPU
		{FA87131C-0CED-438B-9123-36613707FD47}.Debug|x64.Build.0 = Debug|Any CPU
		{FA87131C-0CED-438B-9123-36613707FD47}.Debug|x86.ActiveCfg = Debug|Any CPU
		{FA87131C-0CED-438B-9123-36613707FD47}.Debug|x86.Build.0 = Debug|Any CPU
		{FA87131C-0CED-438B-9123-36613707FD47}.Release|Any CPU.ActiveCfg = Release|Any CPU
		{FA87131C-0CED-438B-9123-36613707FD47}.Release|Any CPU.Build.0 = Release|Any CPU
		{FA87131C-0CED-438B-9123-36613707FD47}.Release|x64.ActiveCfg = Release|Any CPU
		{FA87131C-0CED-438B-9123-36613707FD47}.Release|x64.Build.0 = Release|Any CPU
		{FA87131C-0CED-438B-9123-36613707FD47}.Release|x86.ActiveCfg = Release|Any CPU
		{FA87131C-0CED-438B-9123-36613707FD47}.Release|x86.Build.0 = Release|Any CPU
		{6D439DF8-1ED8-4B4D-A436-45A202944208}.Debug|Any CPU.ActiveCfg = Debug|Any CPU
		{6D439DF8-1ED8-4B4D-A436-45A202944208}.Debug|Any CPU.Build.0 = Debug|Any CPU
		{6D439DF8-1ED8-4B4D-A436-45A202944208}.Debug|x64.ActiveCfg = Debug|Any CPU
		{6D439DF8-1ED8-4B4D-A436-45A202944208}.Debug|x64.Build.0 = Debug|Any CPU
		{6D439DF8-1ED8-4B4D-A436-45A202944208}.Debug|x86.ActiveCfg = Debug|Any CPU
		{6D439DF8-1ED8-4B4D-A436-45A202944208}.Debug|x86.Build.0 = Debug|Any CPU
		{6D439DF8-1ED8-4B4D-A436-45A202944208}.Release|Any CPU.ActiveCfg = Release|Any CPU
		{6D439DF8-1ED8-4B4D-A436-45A202944208}.Release|Any CPU.Build.0 = Release|Any CPU
		{6D439DF8-1ED8-4B4D-A436-45A202944208}.Release|x64.ActiveCfg = Release|Any CPU
		{6D439DF8-1ED8-4B4D-A436-45A202944208}.Release|x64.Build.0 = Release|Any CPU
		{6D439DF8-1ED8-4B4D-A436-45A202944208}.Release|x86.ActiveCfg = Release|Any CPU
		{6D439DF8-1ED8-4B4D-A436-45A202944208}.Release|x86.Build.0 = Release|Any CPU
		{C5C25FBA-A2B1-4829-AEC0-ACA7CDD1863F}.Debug|Any CPU.ActiveCfg = Debug|Any CPU
		{C5C25FBA-A2B1-4829-AEC0-ACA7CDD1863F}.Debug|Any CPU.Build.0 = Debug|Any CPU
		{C5C25FBA-A2B1-4829-AEC0-ACA7CDD1863F}.Debug|x64.ActiveCfg = Debug|Any CPU
		{C5C25FBA-A2B1-4829-AEC0-ACA7CDD1863F}.Debug|x64.Build.0 = Debug|Any CPU
		{C5C25FBA-A2B1-4829-AEC0-ACA7CDD1863F}.Debug|x86.ActiveCfg = Debug|Any CPU
		{C5C25FBA-A2B1-4829-AEC0-ACA7CDD1863F}.Debug|x86.Build.0 = Debug|Any CPU
		{C5C25FBA-A2B1-4829-AEC0-ACA7CDD1863F}.Release|Any CPU.ActiveCfg = Release|Any CPU
		{C5C25FBA-A2B1-4829-AEC0-ACA7CDD1863F}.Release|Any CPU.Build.0 = Release|Any CPU
		{C5C25FBA-A2B1-4829-AEC0-ACA7CDD1863F}.Release|x64.ActiveCfg = Release|Any CPU
		{C5C25FBA-A2B1-4829-AEC0-ACA7CDD1863F}.Release|x64.Build.0 = Release|Any CPU
		{C5C25FBA-A2B1-4829-AEC0-ACA7CDD1863F}.Release|x86.ActiveCfg = Release|Any CPU
		{C5C25FBA-A2B1-4829-AEC0-ACA7CDD1863F}.Release|x86.Build.0 = Release|Any CPU
		{7CBE9DB7-88C8-4E5F-8C5E-C0BFA481CC57}.Debug|Any CPU.ActiveCfg = Debug|Any CPU
		{7CBE9DB7-88C8-4E5F-8C5E-C0BFA481CC57}.Debug|Any CPU.Build.0 = Debug|Any CPU
		{7CBE9DB7-88C8-4E5F-8C5E-C0BFA481CC57}.Debug|x64.ActiveCfg = Debug|Any CPU
		{7CBE9DB7-88C8-4E5F-8C5E-C0BFA481CC57}.Debug|x64.Build.0 = Debug|Any CPU
		{7CBE9DB7-88C8-4E5F-8C5E-C0BFA481CC57}.Debug|x86.ActiveCfg = Debug|Any CPU
		{7CBE9DB7-88C8-4E5F-8C5E-C0BFA481CC57}.Debug|x86.Build.0 = Debug|Any CPU
		{7CBE9DB7-88C8-4E5F-8C5E-C0BFA481CC57}.Release|Any CPU.ActiveCfg = Release|Any CPU
		{7CBE9DB7-88C8-4E5F-8C5E-C0BFA481CC57}.Release|Any CPU.Build.0 = Release|Any CPU
		{7CBE9DB7-88C8-4E5F-8C5E-C0BFA481CC57}.Release|x64.ActiveCfg = Release|Any CPU
		{7CBE9DB7-88C8-4E5F-8C5E-C0BFA481CC57}.Release|x64.Build.0 = Release|Any CPU
		{7CBE9DB7-88C8-4E5F-8C5E-C0BFA481CC57}.Release|x86.ActiveCfg = Release|Any CPU
		{7CBE9DB7-88C8-4E5F-8C5E-C0BFA481CC57}.Release|x86.Build.0 = Release|Any CPU
		{C94D06E4-833C-46CB-9362-B18D029D98BC}.Debug|Any CPU.ActiveCfg = Debug|Any CPU
		{C94D06E4-833C-46CB-9362-B18D029D98BC}.Debug|Any CPU.Build.0 = Debug|Any CPU
		{C94D06E4-833C-46CB-9362-B18D029D98BC}.Debug|x64.ActiveCfg = Debug|Any CPU
		{C94D06E4-833C-46CB-9362-B18D029D98BC}.Debug|x64.Build.0 = Debug|Any CPU
		{C94D06E4-833C-46CB-9362-B18D029D98BC}.Debug|x86.ActiveCfg = Debug|Any CPU
		{C94D06E4-833C-46CB-9362-B18D029D98BC}.Debug|x86.Build.0 = Debug|Any CPU
		{C94D06E4-833C-46CB-9362-B18D029D98BC}.Release|Any CPU.ActiveCfg = Release|Any CPU
		{C94D06E4-833C-46CB-9362-B18D029D98BC}.Release|Any CPU.Build.0 = Release|Any CPU
		{C94D06E4-833C-46CB-9362-B18D029D98BC}.Release|x64.ActiveCfg = Release|Any CPU
		{C94D06E4-833C-46CB-9362-B18D029D98BC}.Release|x64.Build.0 = Release|Any CPU
		{C94D06E4-833C-46CB-9362-B18D029D98BC}.Release|x86.ActiveCfg = Release|Any CPU
		{C94D06E4-833C-46CB-9362-B18D029D98BC}.Release|x86.Build.0 = Release|Any CPU
		{1442767E-A391-4BEA-804D-0EB734EA2B8A}.Debug|Any CPU.ActiveCfg = Debug|Any CPU
		{1442767E-A391-4BEA-804D-0EB734EA2B8A}.Debug|Any CPU.Build.0 = Debug|Any CPU
		{1442767E-A391-4BEA-804D-0EB734EA2B8A}.Debug|x64.ActiveCfg = Debug|Any CPU
		{1442767E-A391-4BEA-804D-0EB734EA2B8A}.Debug|x64.Build.0 = Debug|Any CPU
		{1442767E-A391-4BEA-804D-0EB734EA2B8A}.Debug|x86.ActiveCfg = Debug|Any CPU
		{1442767E-A391-4BEA-804D-0EB734EA2B8A}.Debug|x86.Build.0 = Debug|Any CPU
		{1442767E-A391-4BEA-804D-0EB734EA2B8A}.Release|Any CPU.ActiveCfg = Release|Any CPU
		{1442767E-A391-4BEA-804D-0EB734EA2B8A}.Release|Any CPU.Build.0 = Release|Any CPU
		{1442767E-A391-4BEA-804D-0EB734EA2B8A}.Release|x64.ActiveCfg = Release|Any CPU
		{1442767E-A391-4BEA-804D-0EB734EA2B8A}.Release|x64.Build.0 = Release|Any CPU
		{1442767E-A391-4BEA-804D-0EB734EA2B8A}.Release|x86.ActiveCfg = Release|Any CPU
		{1442767E-A391-4BEA-804D-0EB734EA2B8A}.Release|x86.Build.0 = Release|Any CPU
		{8ED79C43-56CC-4E1B-BC79-D9C67A8F0948}.Debug|Any CPU.ActiveCfg = Debug|Any CPU
		{8ED79C43-56CC-4E1B-BC79-D9C67A8F0948}.Debug|Any CPU.Build.0 = Debug|Any CPU
		{8ED79C43-56CC-4E1B-BC79-D9C67A8F0948}.Debug|x64.ActiveCfg = Debug|Any CPU
		{8ED79C43-56CC-4E1B-BC79-D9C67A8F0948}.Debug|x64.Build.0 = Debug|Any CPU
		{8ED79C43-56CC-4E1B-BC79-D9C67A8F0948}.Debug|x86.ActiveCfg = Debug|Any CPU
		{8ED79C43-56CC-4E1B-BC79-D9C67A8F0948}.Debug|x86.Build.0 = Debug|Any CPU
		{8ED79C43-56CC-4E1B-BC79-D9C67A8F0948}.Release|Any CPU.ActiveCfg = Release|Any CPU
		{8ED79C43-56CC-4E1B-BC79-D9C67A8F0948}.Release|Any CPU.Build.0 = Release|Any CPU
		{8ED79C43-56CC-4E1B-BC79-D9C67A8F0948}.Release|x64.ActiveCfg = Release|Any CPU
		{8ED79C43-56CC-4E1B-BC79-D9C67A8F0948}.Release|x64.Build.0 = Release|Any CPU
		{8ED79C43-56CC-4E1B-BC79-D9C67A8F0948}.Release|x86.ActiveCfg = Release|Any CPU
		{8ED79C43-56CC-4E1B-BC79-D9C67A8F0948}.Release|x86.Build.0 = Release|Any CPU
	EndGlobalSection
	GlobalSection(NestedProjects) = preSolution
		{FA87131C-0CED-438B-9123-36613707FD47} = {0C942A73-1600-4C37-8771-AD8F16CA7C4C}
		{6D439DF8-1ED8-4B4D-A436-45A202944208} = {0C942A73-1600-4C37-8771-AD8F16CA7C4C}
		{C5C25FBA-A2B1-4829-AEC0-ACA7CDD1863F} = {0C942A73-1600-4C37-8771-AD8F16CA7C4C}
		{7CBE9DB7-88C8-4E5F-8C5E-C0BFA481CC57} = {0C942A73-1600-4C37-8771-AD8F16CA7C4C}
		{C94D06E4-833C-46CB-9362-B18D029D98BC} = {01C6D51B-5194-4228-8A70-CCE0A4866ABA}
		{1442767E-A391-4BEA-804D-0EB734EA2B8A} = {01C6D51B-5194-4228-8A70-CCE0A4866ABA}
		{8ED79C43-56CC-4E1B-BC79-D9C67A8F0948} = {01C6D51B-5194-4228-8A70-CCE0A4866ABA}
	EndGlobalSection
EndGlobal
