
Microsoft Visual Studio Solution File, Format Version 12.00
# Visual Studio 15
VisualStudioVersion = 15.0.26124.0
MinimumVisualStudioVersion = 15.0.26124.0
Project("{2150E333-8FDC-42A3-9474-1A3956D46DE8}") = "Code", "Code", "{5E25B7AA-0DA0-40DF-A631-A41803CB2CFE}"
EndProject
Project("{FAE04EC0-301F-11D3-BF4B-00C04F79EFBC}") = "secondcomponent.Api", "Code\secondcomponent.Api\secondcomponent.Api.csproj", "{4724D13C-0862-4026-BE54-C2D5AF329D7A}"
EndProject
Project("{FAE04EC0-301F-11D3-BF4B-00C04F79EFBC}") = "secondcomponent.Business", "Code\secondcomponent.Business\secondcomponent.Business.csproj", "{33DAA648-B207-4EA6-9C3F-66E14A8DD1BD}"
EndProject
Project("{FAE04EC0-301F-11D3-BF4B-00C04F79EFBC}") = "secondcomponent.Data", "Code\secondcomponent.Data\secondcomponent.Data.csproj", "{C5C742FB-5358-4A76-9F75-9406DFADF41E}"
EndProject
Project("{FAE04EC0-301F-11D3-BF4B-00C04F79EFBC}") = "secondcomponent.Entities", "Code\secondcomponent.Entities\secondcomponent.Entities.csproj", "{C51EEC58-11B8-417A-BC25-07EF663FA42F}"
EndProject
Project("{FAE04EC0-301F-11D3-BF4B-00C04F79EFBC}") = "secondcomponent.Test.Api", "Code\secondcomponent.Test.Api\secondcomponent.Test.Api.csproj", "{1285F507-0FE2-4EF5-9CD6-B1AFE99F868F}"
EndProject
Project("{FAE04EC0-301F-11D3-BF4B-00C04F79EFBC}") = "secondcomponent.Test.Business", "Code\secondcomponent.Test.Business\secondcomponent.Test.Business.csproj", "{053941F6-32E2-47EC-9DCB-69CE4DA1F577}"
EndProject
Project("{FAE04EC0-301F-11D3-BF4B-00C04F79EFBC}") = "secondcomponent.Test.Framework", "Code\secondcomponent.Test.Framework\secondcomponent.Test.Framework.csproj", "{2FF39FD6-491B-4B55-AF15-B54CD4C5D610}"
EndProject
Project("{2150E333-8FDC-42A3-9474-1A3956D46DE8}") = "Test", "Test", "{495E32DC-6034-4342-A61D-E384B381FCA3}"
EndProject
Global
	GlobalSection(SolutionConfigurationPlatforms) = preSolution
		Debug|Any CPU = Debug|Any CPU
		Debug|x64 = Debug|x64
		Debug|x86 = Debug|x86
		Release|Any CPU = Release|Any CPU
		Release|x64 = Release|x64
		Release|x86 = Release|x86
	EndGlobalSection
	GlobalSection(SolutionProperties) = preSolution
		HideSolutionNode = FALSE
	EndGlobalSection
	GlobalSection(ProjectConfigurationPlatforms) = postSolution
		{4724D13C-0862-4026-BE54-C2D5AF329D7A}.Debug|Any CPU.ActiveCfg = Debug|Any CPU
		{4724D13C-0862-4026-BE54-C2D5AF329D7A}.Debug|Any CPU.Build.0 = Debug|Any CPU
		{4724D13C-0862-4026-BE54-C2D5AF329D7A}.Debug|x64.ActiveCfg = Debug|Any CPU
		{4724D13C-0862-4026-BE54-C2D5AF329D7A}.Debug|x64.Build.0 = Debug|Any CPU
		{4724D13C-0862-4026-BE54-C2D5AF329D7A}.Debug|x86.ActiveCfg = Debug|Any CPU
		{4724D13C-0862-4026-BE54-C2D5AF329D7A}.Debug|x86.Build.0 = Debug|Any CPU
		{4724D13C-0862-4026-BE54-C2D5AF329D7A}.Release|Any CPU.ActiveCfg = Release|Any CPU
		{4724D13C-0862-4026-BE54-C2D5AF329D7A}.Release|Any CPU.Build.0 = Release|Any CPU
		{4724D13C-0862-4026-BE54-C2D5AF329D7A}.Release|x64.ActiveCfg = Release|Any CPU
		{4724D13C-0862-4026-BE54-C2D5AF329D7A}.Release|x64.Build.0 = Release|Any CPU
		{4724D13C-0862-4026-BE54-C2D5AF329D7A}.Release|x86.ActiveCfg = Release|Any CPU
		{4724D13C-0862-4026-BE54-C2D5AF329D7A}.Release|x86.Build.0 = Release|Any CPU
		{33DAA648-B207-4EA6-9C3F-66E14A8DD1BD}.Debug|Any CPU.ActiveCfg = Debug|Any CPU
		{33DAA648-B207-4EA6-9C3F-66E14A8DD1BD}.Debug|Any CPU.Build.0 = Debug|Any CPU
		{33DAA648-B207-4EA6-9C3F-66E14A8DD1BD}.Debug|x64.ActiveCfg = Debug|Any CPU
		{33DAA648-B207-4EA6-9C3F-66E14A8DD1BD}.Debug|x64.Build.0 = Debug|Any CPU
		{33DAA648-B207-4EA6-9C3F-66E14A8DD1BD}.Debug|x86.ActiveCfg = Debug|Any CPU
		{33DAA648-B207-4EA6-9C3F-66E14A8DD1BD}.Debug|x86.Build.0 = Debug|Any CPU
		{33DAA648-B207-4EA6-9C3F-66E14A8DD1BD}.Release|Any CPU.ActiveCfg = Release|Any CPU
		{33DAA648-B207-4EA6-9C3F-66E14A8DD1BD}.Release|Any CPU.Build.0 = Release|Any CPU
		{33DAA648-B207-4EA6-9C3F-66E14A8DD1BD}.Release|x64.ActiveCfg = Release|Any CPU
		{33DAA648-B207-4EA6-9C3F-66E14A8DD1BD}.Release|x64.Build.0 = Release|Any CPU
		{33DAA648-B207-4EA6-9C3F-66E14A8DD1BD}.Release|x86.ActiveCfg = Release|Any CPU
		{33DAA648-B207-4EA6-9C3F-66E14A8DD1BD}.Release|x86.Build.0 = Release|Any CPU
		{C5C742FB-5358-4A76-9F75-9406DFADF41E}.Debug|Any CPU.ActiveCfg = Debug|Any CPU
		{C5C742FB-5358-4A76-9F75-9406DFADF41E}.Debug|Any CPU.Build.0 = Debug|Any CPU
		{C5C742FB-5358-4A76-9F75-9406DFADF41E}.Debug|x64.ActiveCfg = Debug|Any CPU
		{C5C742FB-5358-4A76-9F75-9406DFADF41E}.Debug|x64.Build.0 = Debug|Any CPU
		{C5C742FB-5358-4A76-9F75-9406DFADF41E}.Debug|x86.ActiveCfg = Debug|Any CPU
		{C5C742FB-5358-4A76-9F75-9406DFADF41E}.Debug|x86.Build.0 = Debug|Any CPU
		{C5C742FB-5358-4A76-9F75-9406DFADF41E}.Release|Any CPU.ActiveCfg = Release|Any CPU
		{C5C742FB-5358-4A76-9F75-9406DFADF41E}.Release|Any CPU.Build.0 = Release|Any CPU
		{C5C742FB-5358-4A76-9F75-9406DFADF41E}.Release|x64.ActiveCfg = Release|Any CPU
		{C5C742FB-5358-4A76-9F75-9406DFADF41E}.Release|x64.Build.0 = Release|Any CPU
		{C5C742FB-5358-4A76-9F75-9406DFADF41E}.Release|x86.ActiveCfg = Release|Any CPU
		{C5C742FB-5358-4A76-9F75-9406DFADF41E}.Release|x86.Build.0 = Release|Any CPU
		{C51EEC58-11B8-417A-BC25-07EF663FA42F}.Debug|Any CPU.ActiveCfg = Debug|Any CPU
		{C51EEC58-11B8-417A-BC25-07EF663FA42F}.Debug|Any CPU.Build.0 = Debug|Any CPU
		{C51EEC58-11B8-417A-BC25-07EF663FA42F}.Debug|x64.ActiveCfg = Debug|Any CPU
		{C51EEC58-11B8-417A-BC25-07EF663FA42F}.Debug|x64.Build.0 = Debug|Any CPU
		{C51EEC58-11B8-417A-BC25-07EF663FA42F}.Debug|x86.ActiveCfg = Debug|Any CPU
		{C51EEC58-11B8-417A-BC25-07EF663FA42F}.Debug|x86.Build.0 = Debug|Any CPU
		{C51EEC58-11B8-417A-BC25-07EF663FA42F}.Release|Any CPU.ActiveCfg = Release|Any CPU
		{C51EEC58-11B8-417A-BC25-07EF663FA42F}.Release|Any CPU.Build.0 = Release|Any CPU
		{C51EEC58-11B8-417A-BC25-07EF663FA42F}.Release|x64.ActiveCfg = Release|Any CPU
		{C51EEC58-11B8-417A-BC25-07EF663FA42F}.Release|x64.Build.0 = Release|Any CPU
		{C51EEC58-11B8-417A-BC25-07EF663FA42F}.Release|x86.ActiveCfg = Release|Any CPU
		{C51EEC58-11B8-417A-BC25-07EF663FA42F}.Release|x86.Build.0 = Release|Any CPU
		{1285F507-0FE2-4EF5-9CD6-B1AFE99F868F}.Debug|Any CPU.ActiveCfg = Debug|Any CPU
		{1285F507-0FE2-4EF5-9CD6-B1AFE99F868F}.Debug|Any CPU.Build.0 = Debug|Any CPU
		{1285F507-0FE2-4EF5-9CD6-B1AFE99F868F}.Debug|x64.ActiveCfg = Debug|Any CPU
		{1285F507-0FE2-4EF5-9CD6-B1AFE99F868F}.Debug|x64.Build.0 = Debug|Any CPU
		{1285F507-0FE2-4EF5-9CD6-B1AFE99F868F}.Debug|x86.ActiveCfg = Debug|Any CPU
		{1285F507-0FE2-4EF5-9CD6-B1AFE99F868F}.Debug|x86.Build.0 = Debug|Any CPU
		{1285F507-0FE2-4EF5-9CD6-B1AFE99F868F}.Release|Any CPU.ActiveCfg = Release|Any CPU
		{1285F507-0FE2-4EF5-9CD6-B1AFE99F868F}.Release|Any CPU.Build.0 = Release|Any CPU
		{1285F507-0FE2-4EF5-9CD6-B1AFE99F868F}.Release|x64.ActiveCfg = Release|Any CPU
		{1285F507-0FE2-4EF5-9CD6-B1AFE99F868F}.Release|x64.Build.0 = Release|Any CPU
		{1285F507-0FE2-4EF5-9CD6-B1AFE99F868F}.Release|x86.ActiveCfg = Release|Any CPU
		{1285F507-0FE2-4EF5-9CD6-B1AFE99F868F}.Release|x86.Build.0 = Release|Any CPU
		{053941F6-32E2-47EC-9DCB-69CE4DA1F577}.Debug|Any CPU.ActiveCfg = Debug|Any CPU
		{053941F6-32E2-47EC-9DCB-69CE4DA1F577}.Debug|Any CPU.Build.0 = Debug|Any CPU
		{053941F6-32E2-47EC-9DCB-69CE4DA1F577}.Debug|x64.ActiveCfg = Debug|Any CPU
		{053941F6-32E2-47EC-9DCB-69CE4DA1F577}.Debug|x64.Build.0 = Debug|Any CPU
		{053941F6-32E2-47EC-9DCB-69CE4DA1F577}.Debug|x86.ActiveCfg = Debug|Any CPU
		{053941F6-32E2-47EC-9DCB-69CE4DA1F577}.Debug|x86.Build.0 = Debug|Any CPU
		{053941F6-32E2-47EC-9DCB-69CE4DA1F577}.Release|Any CPU.ActiveCfg = Release|Any CPU
		{053941F6-32E2-47EC-9DCB-69CE4DA1F577}.Release|Any CPU.Build.0 = Release|Any CPU
		{053941F6-32E2-47EC-9DCB-69CE4DA1F577}.Release|x64.ActiveCfg = Release|Any CPU
		{053941F6-32E2-47EC-9DCB-69CE4DA1F577}.Release|x64.Build.0 = Release|Any CPU
		{053941F6-32E2-47EC-9DCB-69CE4DA1F577}.Release|x86.ActiveCfg = Release|Any CPU
		{053941F6-32E2-47EC-9DCB-69CE4DA1F577}.Release|x86.Build.0 = Release|Any CPU
		{2FF39FD6-491B-4B55-AF15-B54CD4C5D610}.Debug|Any CPU.ActiveCfg = Debug|Any CPU
		{2FF39FD6-491B-4B55-AF15-B54CD4C5D610}.Debug|Any CPU.Build.0 = Debug|Any CPU
		{2FF39FD6-491B-4B55-AF15-B54CD4C5D610}.Debug|x64.ActiveCfg = Debug|Any CPU
		{2FF39FD6-491B-4B55-AF15-B54CD4C5D610}.Debug|x64.Build.0 = Debug|Any CPU
		{2FF39FD6-491B-4B55-AF15-B54CD4C5D610}.Debug|x86.ActiveCfg = Debug|Any CPU
		{2FF39FD6-491B-4B55-AF15-B54CD4C5D610}.Debug|x86.Build.0 = Debug|Any CPU
		{2FF39FD6-491B-4B55-AF15-B54CD4C5D610}.Release|Any CPU.ActiveCfg = Release|Any CPU
		{2FF39FD6-491B-4B55-AF15-B54CD4C5D610}.Release|Any CPU.Build.0 = Release|Any CPU
		{2FF39FD6-491B-4B55-AF15-B54CD4C5D610}.Release|x64.ActiveCfg = Release|Any CPU
		{2FF39FD6-491B-4B55-AF15-B54CD4C5D610}.Release|x64.Build.0 = Release|Any CPU
		{2FF39FD6-491B-4B55-AF15-B54CD4C5D610}.Release|x86.ActiveCfg = Release|Any CPU
		{2FF39FD6-491B-4B55-AF15-B54CD4C5D610}.Release|x86.Build.0 = Release|Any CPU
	EndGlobalSection
	GlobalSection(NestedProjects) = preSolution
		{4724D13C-0862-4026-BE54-C2D5AF329D7A} = {5E25B7AA-0DA0-40DF-A631-A41803CB2CFE}
		{33DAA648-B207-4EA6-9C3F-66E14A8DD1BD} = {5E25B7AA-0DA0-40DF-A631-A41803CB2CFE}
		{C5C742FB-5358-4A76-9F75-9406DFADF41E} = {5E25B7AA-0DA0-40DF-A631-A41803CB2CFE}
		{C51EEC58-11B8-417A-BC25-07EF663FA42F} = {5E25B7AA-0DA0-40DF-A631-A41803CB2CFE}
		{1285F507-0FE2-4EF5-9CD6-B1AFE99F868F} = {495E32DC-6034-4342-A61D-E384B381FCA3}
		{053941F6-32E2-47EC-9DCB-69CE4DA1F577} = {495E32DC-6034-4342-A61D-E384B381FCA3}
		{2FF39FD6-491B-4B55-AF15-B54CD4C5D610} = {495E32DC-6034-4342-A61D-E384B381FCA3}
	EndGlobalSection
EndGlobal
